
Microsoft Visual Studio Solution File, Format Version 12.00
# Visual Studio Version 17
VisualStudioVersion = 17.12.35527.113
MinimumVisualStudioVersion = 10.0.40219.1
Project("{FAE04EC0-301F-11D3-BF4B-00C04F79EFBC}") = "CMS.Data", "CMS.Data\CMS.Data.csproj", "{04F78A33-2045-4CA6-9F4B-B412A6EB534F}"
EndProject
Project("{FAE04EC0-301F-11D3-BF4B-00C04F79EFBC}") = "CMS.Backend", "CMS.Backend\CMS.Backend.csproj", "{2506CD96-9E14-449A-90E7-0C6917D4DB0D}"
EndProject
Project("{E24C65DC-7377-472B-9ABA-BC803B73C61A}") = "CMS.Frontend", "CMS.Frontend\", "{BFC96697-7D92-84DD-AB7A-313652811C56}"
	ProjectSection(WebsiteProperties) = preProject
		TargetFrameworkMoniker = ".NETFramework,Version%3Dv4.8"
		Debug.AspNetCompiler.VirtualPath = "/localhost_62698"
		Debug.AspNetCompiler.PhysicalPath = "CMS.Frontend\"
		Debug.AspNetCompiler.TargetPath = "PrecompiledWeb\localhost_62698\"
		Debug.AspNetCompiler.Updateable = "true"
		Debug.AspNetCompiler.ForceOverwrite = "true"
		Debug.AspNetCompiler.FixedNames = "false"
		Debug.AspNetCompiler.Debug = "True"
		Release.AspNetCompiler.VirtualPath = "/localhost_62698"
		Release.AspNetCompiler.PhysicalPath = "CMS.Frontend\"
		Release.AspNetCompiler.TargetPath = "PrecompiledWeb\localhost_62698\"
		Release.AspNetCompiler.Updateable = "true"
		Release.AspNetCompiler.ForceOverwrite = "true"
		Release.AspNetCompiler.FixedNames = "false"
		Release.AspNetCompiler.Debug = "False"
		VWDPort = "62698"
		SlnRelativePath = "CMS.Frontend\"
	EndProjectSection
EndProject
Global
	GlobalSection(SolutionConfigurationPlatforms) = preSolution
		Debug|Any CPU = Debug|Any CPU
		Release|Any CPU = Release|Any CPU
	EndGlobalSection
	GlobalSection(ProjectConfigurationPlatforms) = postSolution
		{04F78A33-2045-4CA6-9F4B-B412A6EB534F}.Debug|Any CPU.ActiveCfg = Debug|Any CPU
		{04F78A33-2045-4CA6-9F4B-B412A6EB534F}.Debug|Any CPU.Build.0 = Debug|Any CPU
		{04F78A33-2045-4CA6-9F4B-B412A6EB534F}.Release|Any CPU.ActiveCfg = Release|Any CPU
		{04F78A33-2045-4CA6-9F4B-B412A6EB534F}.Release|Any CPU.Build.0 = Release|Any CPU
		{2506CD96-9E14-449A-90E7-0C6917D4DB0D}.Debug|Any CPU.ActiveCfg = Debug|Any CPU
		{2506CD96-9E14-449A-90E7-0C6917D4DB0D}.Debug|Any CPU.Build.0 = Debug|Any CPU
		{2506CD96-9E14-449A-90E7-0C6917D4DB0D}.Release|Any CPU.ActiveCfg = Release|Any CPU
		{2506CD96-9E14-449A-90E7-0C6917D4DB0D}.Release|Any CPU.Build.0 = Release|Any CPU
		{BFC96697-7D92-84DD-AB7A-313652811C56}.Debug|Any CPU.ActiveCfg = Debug|Any CPU
		{BFC96697-7D92-84DD-AB7A-313652811C56}.Debug|Any CPU.Build.0 = Debug|Any CPU
		{BFC96697-7D92-84DD-AB7A-313652811C56}.Release|Any CPU.ActiveCfg = Debug|Any CPU
		{BFC96697-7D92-84DD-AB7A-313652811C56}.Release|Any CPU.Build.0 = Debug|Any CPU
	EndGlobalSection
	GlobalSection(SolutionProperties) = preSolution
		HideSolutionNode = FALSE
	EndGlobalSection
EndGlobal
